# This file was generated by gradle task 'graalPyLockPackages'.
# 
# WARNING: Any manual changes are done at your own risk and will be overwritten when the task is executed.
# 
# This file is meant to be tracked in a version control system.
# 
# This file contains a list of all required Python packages with their specific versions,
# based on the packages defined in the plugin configuration and their dependencies.
# graalpy-version: 25.0.3
# input-packages: beautifulsoup4,html5lib,defusedxml,xmltodict,python-dateutil,charset-normalizer,idna,tabulate,rich,colorama,pyjwt,passlib
beautifulsoup4==4.15.0
charset-normalizer==3.4.7
colorama==0.4.6
defusedxml==0.7.1
html5lib==1.1
idna==3.18
markdown-it-py==4.2.0
mdurl==0.1.2
passlib==1.7.4
Pygments==2.20.0
PyJWT==2.13.0
python-dateutil==2.9.0.post0
rich==15.0.0
six==1.17.0
soupsieve==2.8.4
tabulate==0.10.0
typing_extensions==4.15.0
webencodings==0.5.1
xmltodict==1.0.4
